// !$*UTF8*$!
{
	archiveVersion = 1;
	classes = {
	};
	objectVersion = 56;
	objects = {

/* Begin PBXBuildFile section */
		BCB0A6FF2AEBD93A000B38DF /* AppDelegate.swift in Sources */ = {isa = PBXBuildFile; fileRef = BCB0A6FE2AEBD93A000B38DF /* AppDelegate.swift */; };
		BCB0A7012AEBD93A000B38DF /* SceneDelegate.swift in Sources */ = {isa = PBXBuildFile; fileRef = BCB0A7002AEBD93A000B38DF /* SceneDelegate.swift */; };
		BCB0A7032AEBD93A000B38DF /* ViewController.swift in Sources */ = {isa = PBXBuildFile; fileRef = BCB0A7022AEBD93A000B38DF /* ViewController.swift */; };
		BCB0A7062AEBD93A000B38DF /* Main.storyboard in Resources */ = {isa = PBXBuildFile; fileRef = BCB0A7042AEBD93A000B38DF /* Main.storyboard */; };
		BCB0A7082AEBD93B000B38DF /* Assets.xcassets in Resources */ = {isa = PBXBuildFile; fileRef = BCB0A7072AEBD93B000B38DF /* Assets.xcassets */; };
		BCB0A70B2AEBD93B000B38DF /* LaunchScreen.storyboard in Resources */ = {isa = PBXBuildFile; fileRef = BCB0A7092AEBD93B000B38DF /* LaunchScreen.storyboard */; };
		BCB0A7162AEBD93B000B38DF /* Trinkgeld_Rechner_AppTests.swift in Sources */ = {isa = PBXBuildFile; fileRef = BCB0A7152AEBD93B000B38DF /* Trinkgeld_Rechner_AppTests.swift */; };
		BCB0A7202AEBD93B000B38DF /* Trinkgeld_Rechner_AppUITests.swift in Sources */ = {isa = PBXBuildFile; fileRef = BCB0A71F2AEBD93B000B38DF /* Trinkgeld_Rechner_AppUITests.swift */; };
		BCB0A7222AEBD93B000B38DF /* Trinkgeld_Rechner_AppUITestsLaunchTests.swift in Sources */ = {isa = PBXBuildFile; fileRef = BCB0A7212AEBD93B000B38DF /* Trinkgeld_Rechner_AppUITestsLaunchTests.swift */; };
/* End PBXBuildFile section */

/* Begin PBXContainerItemProxy section */
		BCB0A7122AEBD93B000B38DF /* PBXContainerItemProxy */ = {
			isa = PBXContainerItemProxy;
			containerPortal = BCB0A6F32AEBD939000B38DF /* Project object */;
			proxyType = 1;
			remoteGlobalIDString = BCB0A6FA2AEBD93A000B38DF;
			remoteInfo = "Trinkgeld Rechner App";
		};
		BCB0A71C2AEBD93B000B38DF /* PBXContainerItemProxy */ = {
			isa = PBXContainerItemProxy;
			containerPortal = BCB0A6F32AEBD939000B38DF /* Project object */;
			proxyType = 1;
			remoteGlobalIDString = BCB0A6FA2AEBD93A000B38DF;
			remoteInfo = "Trinkgeld Rechner App";
		};
/* End PBXContainerItemProxy section */

/* Begin PBXFileReference section */
		BCB0A6FB2AEBD93A000B38DF /* Trinkgeld Rechner App.app */ = {isa = PBXFileReference; explicitFileType = wrapper.application; includeInIndex = 0; path = "Trinkgeld Rechner App.app"; sourceTree = BUILT_PRODUCTS_DIR; };
		BCB0A6FE2AEBD93A000B38DF /* AppDelegate.swift */ = {isa = PBXFileReference; lastKnownFileType = sourcecode.swift; path = AppDelegate.swift; sourceTree = "<group>"; };
		BCB0A7002AEBD93A000B38DF /* SceneDelegate.swift */ = {isa = PBXFileReference; lastKnownFileType = sourcecode.swift; path = SceneDelegate.swift; sourceTree = "<group>"; };
		BCB0A7022AEBD93A000B38DF /* ViewController.swift */ = {isa = PBXFileReference; lastKnownFileType = sourcecode.swift; path = ViewController.swift; sourceTree = "<group>"; };
		BCB0A7052AEBD93A000B38DF /* Base */ = {isa = PBXFileReference; lastKnownFileType = file.storyboard; name = Base; path = Base.lproj/Main.storyboard; sourceTree = "<group>"; };
		BCB0A7072AEBD93B000B38DF /* Assets.xcassets */ = {isa = PBXFileReference; lastKnownFileType = folder.assetcatalog; path = Assets.xcassets; sourceTree = "<group>"; };
		BCB0A70A2AEBD93B000B38DF /* Base */ = {isa = PBXFileReference; lastKnownFileType = file.storyboard; name = Base; path = Base.lproj/LaunchScreen.storyboard; sourceTree = "<group>"; };
		BCB0A70C2AEBD93B000B38DF /* Info.plist */ = {isa = PBXFileReference; lastKnownFileType = text.plist.xml; path = Info.plist; sourceTree = "<group>"; };
		BCB0A7112AEBD93B000B38DF /* Trinkgeld Rechner AppTests.xctest */ = {isa = PBXFileReference; explicitFileType = wrapper.cfbundle; includeInIndex = 0; path = "Trinkgeld Rechner AppTests.xctest"; sourceTree = BUILT_PRODUCTS_DIR; };
		BCB0A7152AEBD93B000B38DF /* Trinkgeld_Rechner_AppTests.swift */ = {isa = PBXFileReference; lastKnownFileType = sourcecode.swift; path = Trinkgeld_Rechner_AppTests.swift; sourceTree = "<group>"; };
		BCB0A71B2AEBD93B000B38DF /* Trinkgeld Rechner AppUITests.xctest */ = {isa = PBXFileReference; explicitFileType = wrapper.cfbundle; includeInIndex = 0; path = "Trinkgeld Rechner AppUITests.xctest"; sourceTree = BUILT_PRODUCTS_DIR; };
		BCB0A71F2AEBD93B000B38DF /* Trinkgeld_Rechner_AppUITests.swift */ = {isa = PBXFileReference; lastKnownFileType = sourcecode.swift; path = Trinkgeld_Rechner_AppUITests.swift; sourceTree = "<group>"; };
		BCB0A7212AEBD93B000B38DF /* Trinkgeld_Rechner_AppUITestsLaunchTests.swift */ = {isa = PBXFileReference; lastKnownFileType = sourcecode.swift; path = Trinkgeld_Rechner_AppUITestsLaunchTests.swift; sourceTree = "<group>"; };
/* End PBXFileReference section */

/* Begin PBXFrameworksBuildPhase section */
		BCB0A6F82AEBD93A000B38DF /* Frameworks */ = {
			isa = PBXFrameworksBuildPhase;
			buildActionMask = 2147483647;
			files = (
			);
			runOnlyForDeploymentPostprocessing = 0;
		};
		BCB0A70E2AEBD93B000B38DF /* Frameworks */ = {
			isa = PBXFrameworksBuildPhase;
			buildActionMask = 2147483647;
			files = (
			);
			runOnlyForDeploymentPostprocessing = 0;
		};
		BCB0A7182AEBD93B000B38DF /* Frameworks */ = {
			isa = PBXFrameworksBuildPhase;
			buildActionMask = 2147483647;
			files = (
			);
			runOnlyForDeploymentPostprocessing = 0;
		};
/* End PBXFrameworksBuildPhase section */

/* Begin PBXGroup section */
		BCB0A6F22AEBD939000B38DF = {
			isa = PBXGroup;
			children = (
				BCB0A6FD2AEBD93A000B38DF /* Trinkgeld Rechner App */,
				BCB0A7142AEBD93B000B38DF /* Trinkgeld Rechner AppTests */,
				BCB0A71E2AEBD93B000B38DF /* Trinkgeld Rechner AppUITests */,
				BCB0A6FC2AEBD93A000B38DF /* Products */,
			);
			sourceTree = "<group>";
		};
		BCB0A6FC2AEBD93A000B38DF /* Products */ = {
			isa = PBXGroup;
			children = (
				BCB0A6FB2AEBD93A000B38DF /* Trinkgeld Rechner App.app */,
				BCB0A7112AEBD93B000B38DF /* Trinkgeld Rechner AppTests.xctest */,
				BCB0A71B2AEBD93B000B38DF /* Trinkgeld Rechner AppUITests.xctest */,
			);
			name = Products;
			sourceTree = "<group>";
		};
		BCB0A6FD2AEBD93A000B38DF /* Trinkgeld Rechner App */ = {
			isa = PBXGroup;
			children = (
				BCB0A6FE2AEBD93A000B38DF /* AppDelegate.swift */,
				BCB0A7002AEBD93A000B38DF /* SceneDelegate.swift */,
				BCB0A7022AEBD93A000B38DF /* ViewController.swift */,
				BCB0A7042AEBD93A000B38DF /* Main.storyboard */,
				BCB0A7072AEBD93B000B38DF /* Assets.xcassets */,
				BCB0A7092AEBD93B000B38DF /* LaunchScreen.storyboard */,
				BCB0A70C2AEBD93B000B38DF /* Info.plist */,
			);
			path = "Trinkgeld Rechner App";
			sourceTree = "<group>";
		};
		BCB0A7142AEBD93B000B38DF /* Trinkgeld Rechner AppTests */ = {
			isa = PBXGroup;
			children = (
				BCB0A7152AEBD93B000B38DF /* Trinkgeld_Rechner_AppTests.swift */,
			);
			path = "Trinkgeld Rechner AppTests";
			sourceTree = "<group>";
		};
		BCB0A71E2AEBD93B000B38DF /* Trinkgeld Rechner AppUITests */ = {
			isa = PBXGroup;
			children = (
				BCB0A71F2AEBD93B000B38DF /* Trinkgeld_Rechner_AppUITests.swift */,
				BCB0A7212AEBD93B000B38DF /* Trinkgeld_Rechner_AppUITestsLaunchTests.swift */,
			);
			path = "Trinkgeld Rechner AppUITests";
			sourceTree = "<group>";
		};
/* End PBXGroup section */

/* Begin PBXNativeTarget section */
		BCB0A6FA2AEBD93A000B38DF /* Trinkgeld Rechner App */ = {
			isa = PBXNativeTarget;
			buildConfigurationList = BCB0A7252AEBD93B000B38DF /* Build configuration list for PBXNativeTarget "Trinkgeld Rechner App" */;
			buildPhases = (
				BCB0A6F72AEBD93A000B38DF /* Sources */,
				BCB0A6F82AEBD93A000B38DF /* Frameworks */,
				BCB0A6F92AEBD93A000B38DF /* Resources */,
			);
			buildRules = (
			);
			dependencies = (
			);
			name = "Trinkgeld Rechner App";
			productName = "Trinkgeld Rechner App";
			productReference = BCB0A6FB2AEBD93A000B38DF /* Trinkgeld Rechner App.app */;
			productType = "com.apple.product-type.application";
		};
		BCB0A7102AEBD93B000B38DF /* Trinkgeld Rechner AppTests */ = {
			isa = PBXNativeTarget;
			buildConfigurationList = BCB0A7282AEBD93B000B38DF /* Build configuration list for PBXNativeTarget "Trinkgeld Rechner AppTests" */;
			buildPhases = (
				BCB0A70D2AEBD93B000B38DF /* Sources */,
				BCB0A70E2AEBD93B000B38DF /* Frameworks */,
				BCB0A70F2AEBD93B000B38DF /* Resources */,
			);
			buildRules = (
			);
			dependencies = (
				BCB0A7132AEBD93B000B38DF /* PBXTargetDependency */,
			);
			name = "Trinkgeld Rechner AppTests";
			productName = "Trinkgeld Rechner AppTests";
			productReference = BCB0A7112AEBD93B000B38DF /* Trinkgeld Rechner AppTests.xctest */;
			productType = "com.apple.product-type.bundle.unit-test";
		};
		BCB0A71A2AEBD93B000B38DF /* Trinkgeld Rechner AppUITests */ = {
			isa = PBXNativeTarget;
			buildConfigurationList = BCB0A72B2AEBD93B000B38DF /* Build configuration list for PBXNativeTarget "Trinkgeld Rechner AppUITests" */;
			buildPhases = (
				BCB0A7172AEBD93B000B38DF /* Sources */,
				BCB0A7182AEBD93B000B38DF /* Frameworks */,
				BCB0A7192AEBD93B000B38DF /* Resources */,
			);
			buildRules = (
			);
			dependencies = (
				BCB0A71D2AEBD93B000B38DF /* PBXTargetDependency */,
			);
			name = "Trinkgeld Rechner AppUITests";
			productName = "Trinkgeld Rechner AppUITests";
			productReference = BCB0A71B2AEBD93B000B38DF /* Trinkgeld Rechner AppUITests.xctest */;
			productType = "com.apple.product-type.bundle.ui-testing";
		};
/* End PBXNativeTarget section */

/* Begin PBXProject section */
		BCB0A6F32AEBD939000B38DF /* Project object */ = {
			isa = PBXProject;
			attributes = {
				BuildIndependentTargetsInParallel = 1;
				LastSwiftUpdateCheck = 1430;
				LastUpgradeCheck = 1430;
				TargetAttributes = {
					BCB0A6FA2AEBD93A000B38DF = {
						CreatedOnToolsVersion = 14.3.1;
					};
					BCB0A7102AEBD93B000B38DF = {
						CreatedOnToolsVersion = 14.3.1;
						TestTargetID = BCB0A6FA2AEBD93A000B38DF;
					};
					BCB0A71A2AEBD93B000B38DF = {
						CreatedOnToolsVersion = 14.3.1;
						TestTargetID = BCB0A6FA2AEBD93A000B38DF;
					};
				};
			};
			buildConfigurationList = BCB0A6F62AEBD939000B38DF /* Build configuration list for PBXProject "Trinkgeld Rechner App" */;
			compatibilityVersion = "Xcode 14.0";
			developmentRegion = en;
			hasScannedForEncodings = 0;
			knownRegions = (
				en,
				Base,
			);
			mainGroup = BCB0A6F22AEBD939000B38DF;
			productRefGroup = BCB0A6FC2AEBD93A000B38DF /* Products */;
			projectDirPath = "";
			projectRoot = "";
			targets = (
				BCB0A6FA2AEBD93A000B38DF /* Trinkgeld Rechner App */,
				BCB0A7102AEBD93B000B38DF /* Trinkgeld Rechner AppTests */,
				BCB0A71A2AEBD93B000B38DF /* Trinkgeld Rechner AppUITests */,
			);
		};
/* End PBXProject section */

/* Begin PBXResourcesBuildPhase section */
		BCB0A6F92AEBD93A000B38DF /* Resources */ = {
			isa = PBXResourcesBuildPhase;
			buildActionMask = 2147483647;
			files = (
				BCB0A70B2AEBD93B000B38DF /* LaunchScreen.storyboard in Resources */,
				BCB0A7082AEBD93B000B38DF /* Assets.xcassets in Resources */,
				BCB0A7062AEBD93A000B38DF /* Main.storyboard in Resources */,
			);
			runOnlyForDeploymentPostprocessing = 0;
		};
		BCB0A70F2AEBD93B000B38DF /* Resources */ = {
			isa = PBXResourcesBuildPhase;
			buildActionMask = 2147483647;
			files = (
			);
			runOnlyForDeploymentPostprocessing = 0;
		};
		BCB0A7192AEBD93B000B38DF /* Resources */ = {
			isa = PBXResourcesBuildPhase;
			buildActionMask = 2147483647;
			files = (
			);
			runOnlyForDeploymentPostprocessing = 0;
		};
/* End PBXResourcesBuildPhase section */

/* Begin PBXSourcesBuildPhase section */
		BCB0A6F72AEBD93A000B38DF /* Sources */ = {
			isa = PBXSourcesBuildPhase;
			buildActionMask = 2147483647;
			files = (
				BCB0A7032AEBD93A000B38DF /* ViewController.swift in Sources */,
				BCB0A6FF2AEBD93A000B38DF /* AppDelegate.swift in Sources */,
				BCB0A7012AEBD93A000B38DF /* SceneDelegate.swift in Sources */,
			);
			runOnlyForDeploymentPostprocessing = 0;
		};
		BCB0A70D2AEBD93B000B38DF /* Sources */ = {
			isa = PBXSourcesBuildPhase;
			buildActionMask = 2147483647;
			files = (
				BCB0A7162AEBD93B000B38DF /* Trinkgeld_Rechner_AppTests.swift in Sources */,
			);
			runOnlyForDeploymentPostprocessing = 0;
		};
		BCB0A7172AEBD93B000B38DF /* Sources */ = {
			isa = PBXSourcesBuildPhase;
			buildActionMask = 2147483647;
			files = (
				BCB0A7202AEBD93B000B38DF /* Trinkgeld_Rechner_AppUITests.swift in Sources */,
				BCB0A7222AEBD93B000B38DF /* Trinkgeld_Rechner_AppUITestsLaunchTests.swift in Sources */,
			);
			runOnlyForDeploymentPostprocessing = 0;
		};
/* End PBXSourcesBuildPhase section */

/* Begin PBXTargetDependency section */
		BCB0A7132AEBD93B000B38DF /* PBXTargetDependency */ = {
			isa = PBXTargetDependency;
			target = BCB0A6FA2AEBD93A000B38DF /* Trinkgeld Rechner App */;
			targetProxy = BCB0A7122AEBD93B000B38DF /* PBXContainerItemProxy */;
		};
		BCB0A71D2AEBD93B000B38DF /* PBXTargetDependency */ = {
			isa = PBXTargetDependency;
			target = BCB0A6FA2AEBD93A000B38DF /* Trinkgeld Rechner App */;
			targetProxy = BCB0A71C2AEBD93B000B38DF /* PBXContainerItemProxy */;
		};
/* End PBXTargetDependency section */

/* Begin PBXVariantGroup section */
		BCB0A7042AEBD93A000B38DF /* Main.storyboard */ = {
			isa = PBXVariantGroup;
			children = (
				BCB0A7052AEBD93A000B38DF /* Base */,
			);
			name = Main.storyboard;
			sourceTree = "<group>";
		};
		BCB0A7092AEBD93B000B38DF /* LaunchScreen.storyboard */ = {
			isa = PBXVariantGroup;
			children = (
				BCB0A70A2AEBD93B000B38DF /* Base */,
			);
			name = LaunchScreen.storyboard;
			sourceTree = "<group>";
		};
/* End PBXVariantGroup section */

/* Begin XCBuildConfiguration section */
		BCB0A7232AEBD93B000B38DF /* Debug */ = {
			isa = XCBuildConfiguration;
			buildSettings = {
				ALWAYS_SEARCH_USER_PATHS = NO;
				CLANG_ANALYZER_NONNULL = YES;
				CLANG_ANALYZER_NUMBER_OBJECT_CONVERSION = YES_AGGRESSIVE;
				CLANG_CXX_LANGUAGE_STANDARD = "gnu++20";
				CLANG_ENABLE_MODULES = YES;
				CLANG_ENABLE_OBJC_ARC = YES;
				CLANG_ENABLE_OBJC_WEAK = YES;
				CLANG_WARN_BLOCK_CAPTURE_AUTORELEASING = YES;
				CLANG_WARN_BOOL_CONVERSION = YES;
				CLANG_WARN_COMMA = YES;
				CLANG_WARN_CONSTANT_CONVERSION = YES;
				CLANG_WARN_DEPRECATED_OBJC_IMPLEMENTATIONS = YES;
				CLANG_WARN_DIRECT_OBJC_ISA_USAGE = YES_ERROR;
				CLANG_WARN_DOCUMENTATION_COMMENTS = YES;
				CLANG_WARN_EMPTY_BODY = YES;
				CLANG_WARN_ENUM_CONVERSION = YES;
				CLANG_WARN_INFINITE_RECURSION = YES;
				CLANG_WARN_INT_CONVERSION = YES;
				CLANG_WARN_NON_LITERAL_NULL_CONVERSION = YES;
				CLANG_WARN_OBJC_IMPLICIT_RETAIN_SELF = YES;
				CLANG_WARN_OBJC_LITERAL_CONVERSION = YES;
				CLANG_WARN_OBJC_ROOT_CLASS = YES_ERROR;
				CLANG_WARN_QUOTED_INCLUDE_IN_FRAMEWORK_HEADER = YES;
				CLANG_WARN_RANGE_LOOP_ANALYSIS = YES;
				CLANG_WARN_STRICT_PROTOTYPES = YES;
				CLANG_WARN_SUSPICIOUS_MOVE = YES;
				CLANG_WARN_UNGUARDED_AVAILABILITY = YES_AGGRESSIVE;
				CLANG_WARN_UNREACHABLE_CODE = YES;
				CLANG_WARN__DUPLICATE_METHOD_MATCH = YES;
				COPY_PHASE_STRIP = NO;
				DEBUG_INFORMATION_FORMAT = dwarf;
				ENABLE_STRICT_OBJC_MSGSEND = YES;
				ENABLE_TESTABILITY = YES;
				GCC_C_LANGUAGE_STANDARD = gnu11;
				GCC_DYNAMIC_NO_PIC = NO;
				GCC_NO_COMMON_BLOCKS = YES;
				GCC_OPTIMIZATION_LEVEL = 0;
				GCC_PREPROCESSOR_DEFINITIONS = (
					"DEBUG=1",
					"$(inherited)",
				);
				GCC_WARN_64_TO_32_BIT_CONVERSION = YES;
				GCC_WARN_ABOUT_RETURN_TYPE = YES_ERROR;
				GCC_WARN_UNDECLARED_SELECTOR = YES;
				GCC_WARN_UNINITIALIZED_AUTOS = YES_AGGRESSIVE;
				GCC_WARN_UNUSED_FUNCTION = YES;
				GCC_WARN_UNUSED_VARIABLE = YES;
				IPHONEOS_DEPLOYMENT_TARGET = 16.4;
				MTL_ENABLE_DEBUG_INFO = INCLUDE_SOURCE;
				MTL_FAST_MATH = YES;
				ONLY_ACTIVE_ARCH = YES;
				SDKROOT = iphoneos;
				SWIFT_ACTIVE_COMPILATION_CONDITIONS = DEBUG;
				SWIFT_OPTIMIZATION_LEVEL = "-Onone";
			};
			name = Debug;
		};
		BCB0A7242AEBD93B000B38DF /* Release */ = {
			isa = XCBuildConfiguration;
			buildSettings = {
				ALWAYS_SEARCH_USER_PATHS = NO;
				CLANG_ANALYZER_NONNULL = YES;
				CLANG_ANALYZER_NUMBER_OBJECT_CONVERSION = YES_AGGRESSIVE;
				CLANG_CXX_LANGUAGE_STANDARD = "gnu++20";
				CLANG_ENABLE_MODULES = YES;
				CLANG_ENABLE_OBJC_ARC = YES;
				CLANG_ENABLE_OBJC_WEAK = YES;
				CLANG_WARN_BLOCK_CAPTURE_AUTORELEASING = YES;
				CLANG_WARN_BOOL_CONVERSION = YES;
				CLANG_WARN_COMMA = YES;
				CLANG_WARN_CONSTANT_CONVERSION = YES;
				CLANG_WARN_DEPRECATED_OBJC_IMPLEMENTATIONS = YES;
				CLANG_WARN_DIRECT_OBJC_ISA_USAGE = YES_ERROR;
				CLANG_WARN_DOCUMENTATION_COMMENTS = YES;
				CLANG_WARN_EMPTY_BODY = YES;
				CLANG_WARN_ENUM_CONVERSION = YES;
				CLANG_WARN_INFINITE_RECURSION = YES;
				CLANG_WARN_INT_CONVERSION = YES;
				CLANG_WARN_NON_LITERAL_NULL_CONVERSION = YES;
				CLANG_WARN_OBJC_IMPLICIT_RETAIN_SELF = YES;
				CLANG_WARN_OBJC_LITERAL_CONVERSION = YES;
				CLANG_WARN_OBJC_ROOT_CLASS = YES_ERROR;
				CLANG_WARN_QUOTED_INCLUDE_IN_FRAMEWORK_HEADER = YES;
				CLANG_WARN_RANGE_LOOP_ANALYSIS = YES;
				CLANG_WARN_STRICT_PROTOTYPES = YES;
				CLANG_WARN_SUSPICIOUS_MOVE = YES;
				CLANG_WARN_UNGUARDED_AVAILABILITY = YES_AGGRESSIVE;
				CLANG_WARN_UNREACHABLE_CODE = YES;
				CLANG_WARN__DUPLICATE_METHOD_MATCH = YES;
				COPY_PHASE_STRIP = NO;
				DEBUG_INFORMATION_FORMAT = "dwarf-with-dsym";
				ENABLE_NS_ASSERTIONS = NO;
				ENABLE_STRICT_OBJC_MSGSEND = YES;
				GCC_C_LANGUAGE_STANDARD = gnu11;
				GCC_NO_COMMON_BLOCKS = YES;
				GCC_WARN_64_TO_32_BIT_CONVERSION = YES;
				GCC_WARN_ABOUT_RETURN_TYPE = YES_ERROR;
				GCC_WARN_UNDECLARED_SELECTOR = YES;
				GCC_WARN_UNINITIALIZED_AUTOS = YES_AGGRESSIVE;
				GCC_WARN_UNUSED_FUNCTION = YES;
				GCC_WARN_UNUSED_VARIABLE = YES;
				IPHONEOS_DEPLOYMENT_TARGET = 16.4;
				MTL_ENABLE_DEBUG_INFO = NO;
				MTL_FAST_MATH = YES;
				SDKROOT = iphoneos;
				SWIFT_COMPILATION_MODE = wholemodule;
				SWIFT_OPTIMIZATION_LEVEL = "-O";
				VALIDATE_PRODUCT = YES;
			};
			name = Release;
		};
		BCB0A7262AEBD93B000B38DF /* Debug */ = {
			isa = XCBuildConfiguration;
			buildSettings = {
				ASSETCATALOG_COMPILER_APPICON_NAME = AppIcon;
				ASSETCATALOG_COMPILER_GLOBAL_ACCENT_COLOR_NAME = AccentColor;
				CODE_SIGN_STYLE = Automatic;
				CURRENT_PROJECT_VERSION = 1;
				GENERATE_INFOPLIST_FILE = YES;
				INFOPLIST_FILE = "Trinkgeld Rechner App/Info.plist";
				INFOPLIST_KEY_UIApplicationSupportsIndirectInputEvents = YES;
				INFOPLIST_KEY_UILaunchStoryboardName = LaunchScreen;
				INFOPLIST_KEY_UIMainStoryboardFile = Main;
				INFOPLIST_KEY_UISupportedInterfaceOrientations_iPad = "UIInterfaceOrientationPortrait UIInterfaceOrientationPortraitUpsideDown UIInterfaceOrientationLandscapeLeft UIInterfaceOrientationLandscapeRight";
				INFOPLIST_KEY_UISupportedInterfaceOrientations_iPhone = "UIInterfaceOrientationPortrait UIInterfaceOrientationLandscapeLeft UIInterfaceOrientationLandscapeRight";
				LD_RUNPATH_SEARCH_PATHS = (
					"$(inherited)",
					"@executable_path/Frameworks",
				);
				MARKETING_VERSION = 1.0;
				PRODUCT_BUNDLE_IDENTIFIER = "de.dirkgm.Trinkgeld-Rechner-App";
				PRODUCT_NAME = "$(TARGET_NAME)";
				SWIFT_EMIT_LOC_STRINGS = YES;
				SWIFT_VERSION = 5.0;
				TARGETED_DEVICE_FAMILY = "1,2";
			};
			name = Debug;
		};
		BCB0A7272AEBD93B000B38DF /* Release */ = {
			isa = XCBuildConfiguration;
			buildSettings = {
				ASSETCATALOG_COMPILER_APPICON_NAME = AppIcon;
				ASSETCATALOG_COMPILER_GLOBAL_ACCENT_COLOR_NAME = AccentColor;
				CODE_SIGN_STYLE = Automatic;
				CURRENT_PROJECT_VERSION = 1;
				GENERATE_INFOPLIST_FILE = YES;
				INFOPLIST_FILE = "Trinkgeld Rechner App/Info.plist";
				INFOPLIST_KEY_UIApplicationSupportsIndirectInputEvents = YES;
				INFOPLIST_KEY_UILaunchStoryboardName = LaunchScreen;
				INFOPLIST_KEY_UIMainStoryboardFile = Main;
				INFOPLIST_KEY_UISupportedInterfaceOrientations_iPad = "UIInterfaceOrientationPortrait UIInterfaceOrientationPortraitUpsideDown UIInterfaceOrientationLandscapeLeft UIInterfaceOrientationLandscapeRight";
				INFOPLIST_KEY_UISupportedInterfaceOrientations_iPhone = "UIInterfaceOrientationPortrait UIInterfaceOrientationLandscapeLeft UIInterfaceOrientationLandscapeRight";
				LD_RUNPATH_SEARCH_PATHS = (
					"$(inherited)",
					"@executable_path/Frameworks",
				);
				MARKETING_VERSION = 1.0;
				PRODUCT_BUNDLE_IDENTIFIER = "de.dirkgm.Trinkgeld-Rechner-App";
				PRODUCT_NAME = "$(TARGET_NAME)";
				SWIFT_EMIT_LOC_STRINGS = YES;
				SWIFT_VERSION = 5.0;
				TARGETED_DEVICE_FAMILY = "1,2";
			};
			name = Release;
		};
		BCB0A7292AEBD93B000B38DF /* Debug */ = {
			isa = XCBuildConfiguration;
			buildSettings = {
				ALWAYS_EMBED_SWIFT_STANDARD_LIBRARIES = YES;
				BUNDLE_LOADER = "$(TEST_HOST)";
				CODE_SIGN_STYLE = Automatic;
				CURRENT_PROJECT_VERSION = 1;
				GENERATE_INFOPLIST_FILE = YES;
				IPHONEOS_DEPLOYMENT_TARGET = 16.4;
				MARKETING_VERSION = 1.0;
				PRODUCT_BUNDLE_IDENTIFIER = "de.dirkgm.Trinkgeld-Rechner-AppTests";
				PRODUCT_NAME = "$(TARGET_NAME)";
				SWIFT_EMIT_LOC_STRINGS = NO;
				SWIFT_VERSION = 5.0;
				TARGETED_DEVICE_FAMILY = "1,2";
				TEST_HOST = "$(BUILT_PRODUCTS_DIR)/Trinkgeld Rechner App.app/$(BUNDLE_EXECUTABLE_FOLDER_PATH)/Trinkgeld Rechner App";
			};
			name = Debug;
		};
		BCB0A72A2AEBD93B000B38DF /* Release */ = {
			isa = XCBuildConfiguration;
			buildSettings = {
				ALWAYS_EMBED_SWIFT_STANDARD_LIBRARIES = YES;
				BUNDLE_LOADER = "$(TEST_HOST)";
				CODE_SIGN_STYLE = Automatic;
				CURRENT_PROJECT_VERSION = 1;
				GENERATE_INFOPLIST_FILE = YES;
				IPHONEOS_DEPLOYMENT_TARGET = 16.4;
				MARKETING_VERSION = 1.0;
				PRODUCT_BUNDLE_IDENTIFIER = "de.dirkgm.Trinkgeld-Rechner-AppTests";
				PRODUCT_NAME = "$(TARGET_NAME)";
				SWIFT_EMIT_LOC_STRINGS = NO;
				SWIFT_VERSION = 5.0;
				TARGETED_DEVICE_FAMILY = "1,2";
				TEST_HOST = "$(BUILT_PRODUCTS_DIR)/Trinkgeld Rechner App.app/$(BUNDLE_EXECUTABLE_FOLDER_PATH)/Trinkgeld Rechner App";
			};
			name = Release;
		};
		BCB0A72C2AEBD93B000B38DF /* Debug */ = {
			isa = XCBuildConfiguration;
			buildSettings = {
				ALWAYS_EMBED_SWIFT_STANDARD_LIBRARIES = YES;
				CODE_SIGN_STYLE = Automatic;
				CURRENT_PROJECT_VERSION = 1;
				GENERATE_INFOPLIST_FILE = YES;
				MARKETING_VERSION = 1.0;
				PRODUCT_BUNDLE_IDENTIFIER = "de.dirkgm.Trinkgeld-Rechner-AppUITests";
				PRODUCT_NAME = "$(TARGET_NAME)";
				SWIFT_EMIT_LOC_STRINGS = NO;
				SWIFT_VERSION = 5.0;
				TARGETED_DEVICE_FAMILY = "1,2";
				TEST_TARGET_NAME = "Trinkgeld Rechner App";
			};
			name = Debug;
		};
		BCB0A72D2AEBD93B000B38DF /* Release */ = {
			isa = XCBuildConfiguration;
			buildSettings = {
				ALWAYS_EMBED_SWIFT_STANDARD_LIBRARIES = YES;
				CODE_SIGN_STYLE = Automatic;
				CURRENT_PROJECT_VERSION = 1;
				GENERATE_INFOPLIST_FILE = YES;
				MARKETING_VERSION = 1.0;
				PRODUCT_BUNDLE_IDENTIFIER = "de.dirkgm.Trinkgeld-Rechner-AppUITests";
				PRODUCT_NAME = "$(TARGET_NAME)";
				SWIFT_EMIT_LOC_STRINGS = NO;
				SWIFT_VERSION = 5.0;
				TARGETED_DEVICE_FAMILY = "1,2";
				TEST_TARGET_NAME = "Trinkgeld Rechner App";
			};
			name = Release;
		};
/* End XCBuildConfiguration section */

/* Begin XCConfigurationList section */
		BCB0A6F62AEBD939000B38DF /* Build configuration list for PBXProject "Trinkgeld Rechner App" */ = {
			isa = XCConfigurationList;
			buildConfigurations = (
				BCB0A7232AEBD93B000B38DF /* Debug */,
				BCB0A7242AEBD93B000B38DF /* Release */,
			);
			defaultConfigurationIsVisible = 0;
			defaultConfigurationName = Release;
		};
		BCB0A7252AEBD93B000B38DF /* Build configuration list for PBXNativeTarget "Trinkgeld Rechner App" */ = {
			isa = XCConfigurationList;
			buildConfigurations = (
				BCB0A7262AEBD93B000B38DF /* Debug */,
				BCB0A7272AEBD93B000B38DF /* Release */,
			);
			defaultConfigurationIsVisible = 0;
			defaultConfigurationName = Release;
		};
		BCB0A7282AEBD93B000B38DF /* Build configuration list for PBXNativeTarget "Trinkgeld Rechner AppTests" */ = {
			isa = XCConfigurationList;
			buildConfigurations = (
				BCB0A7292AEBD93B000B38DF /* Debug */,
				BCB0A72A2AEBD93B000B38DF /* Release */,
			);
			defaultConfigurationIsVisible = 0;
			defaultConfigurationName = Release;
		};
		BCB0A72B2AEBD93B000B38DF /* Build configuration list for PBXNativeTarget "Trinkgeld Rechner AppUITests" */ = {
			isa = XCConfigurationList;
			buildConfigurations = (
				BCB0A72C2AEBD93B000B38DF /* Debug */,
				BCB0A72D2AEBD93B000B38DF /* Release */,
			);
			defaultConfigurationIsVisible = 0;
			defaultConfigurationName = Release;
		};
/* End XCConfigurationList section */
	};
	rootObject = BCB0A6F32AEBD939000B38DF /* Project object */;
}
